{
    "hash": "5f3852cc770a4e0d950fa3678030018c",
    "packages": [
        {
            "package": "stubbles/core",
            "version": "v2.0.0"
        }
    ],
    "packages-dev": [
        {
            "package": "mikey179/vfsStream",
            "version": "v1.0.0"
        }
    ],
    "aliases": [

    ],
    "minimum-stability": "stable",
    "stability-flags": [

    ]
}
