{
    "hash": "fad95605014cfea8c37b4a2462398442",
    "packages": [
        {
            "package": "stubbles/core",
            "version": "v2.1.0"
        }
    ],
    "packages-dev": [
        {
            "package": "mikey179/vfsStream",
            "version": "v1.0.0"
        }
    ],
    "aliases": [

    ],
    "minimum-stability": "stable",
    "stability-flags": [

    ]
}
