{
    "hash": "ccfd2098b64f86803066023c540dd3d1",
    "packages": [
        {
            "package": "mikey179/vfsStream",
            "version": "1.0.0-beta2"
        },
        {
            "package": "stubbles/core",
            "version": "2.0.0-beta5"
        },
        {
            "package": "stubbles/scripts",
            "version": "1.0.0-beta7"
        }
    ],
    "aliases": []
}
